// !$*UTF8*$!
{
	archiveVersion = 1;
	classes = {
	};
	objectVersion = 46;
	objects = {

/* Begin PBXBuildFile section */
		6C413FD21B96D2D20016A276 /* BaseDAO.m in Sources */ = {isa = PBXBuildFile; fileRef = 6C413FD11B96D2D20016A276 /* BaseDAO.m */; };
		6C413FD51B96D2DE0016A276 /* BaseDTO.m in Sources */ = {isa = PBXBuildFile; fileRef = 6C413FD41B96D2DE0016A276 /* BaseDTO.m */; };
		6C413FD81B96D2E80016A276 /* BaseService.m in Sources */ = {isa = PBXBuildFile; fileRef = 6C413FD71B96D2E80016A276 /* BaseService.m */; };
		6C413FDB1B96D3010016A276 /* BaseViewController.m in Sources */ = {isa = PBXBuildFile; fileRef = 6C413FDA1B96D3010016A276 /* BaseViewController.m */; };
		6C413FDE1B96D3140016A276 /* BaseView.m in Sources */ = {isa = PBXBuildFile; fileRef = 6C413FDD1B96D3140016A276 /* BaseView.m */; };
		6CFA218C1B95D0A100719E6A /* main.m in Sources */ = {isa = PBXBuildFile; fileRef = 6CFA218B1B95D0A100719E6A /* main.m */; };
		6CFA218F1B95D0A100719E6A /* AppDelegate.m in Sources */ = {isa = PBXBuildFile; fileRef = 6CFA218E1B95D0A100719E6A /* AppDelegate.m */; };
		6CFA21921B95D0A100719E6A /* ViewController.m in Sources */ = {isa = PBXBuildFile; fileRef = 6CFA21911B95D0A100719E6A /* ViewController.m */; };
		6CFA21951B95D0A100719E6A /* Main.storyboard in Resources */ = {isa = PBXBuildFile; fileRef = 6CFA21931B95D0A100719E6A /* Main.storyboard */; };
		6CFA21971B95D0A100719E6A /* Images.xcassets in Resources */ = {isa = PBXBuildFile; fileRef = 6CFA21961B95D0A100719E6A /* Images.xcassets */; };
		6CFA219A1B95D0A100719E6A /* LaunchScreen.xib in Resources */ = {isa = PBXBuildFile; fileRef = 6CFA21981B95D0A100719E6A /* LaunchScreen.xib */; };
		6CFA21A61B95D0A100719E6A /* TempleteProjectTests.m in Sources */ = {isa = PBXBuildFile; fileRef = 6CFA21A51B95D0A100719E6A /* TempleteProjectTests.m */; };
/* End PBXBuildFile section */

/* Begin PBXContainerItemProxy section */
		6CFA21A01B95D0A100719E6A /* PBXContainerItemProxy */ = {
			isa = PBXContainerItemProxy;
			containerPortal = 6CFA217E1B95D0A100719E6A /* Project object */;
			proxyType = 1;
			remoteGlobalIDString = 6CFA21851B95D0A100719E6A;
			remoteInfo = TempleteProject;
		};
/* End PBXContainerItemProxy section */

/* Begin PBXFileReference section */
		6C413FCD1B96D2A50016A276 /* DomainConfig.h */ = {isa = PBXFileReference; fileEncoding = 4; lastKnownFileType = sourcecode.c.h; path = DomainConfig.h; sourceTree = "<group>"; };
		6C413FD01B96D2D20016A276 /* BaseDAO.h */ = {isa = PBXFileReference; fileEncoding = 4; lastKnownFileType = sourcecode.c.h; path = BaseDAO.h; sourceTree = "<group>"; };
		6C413FD11B96D2D20016A276 /* BaseDAO.m */ = {isa = PBXFileReference; fileEncoding = 4; lastKnownFileType = sourcecode.c.objc; path = BaseDAO.m; sourceTree = "<group>"; };
		6C413FD31B96D2DE0016A276 /* BaseDTO.h */ = {isa = PBXFileReference; fileEncoding = 4; lastKnownFileType = sourcecode.c.h; path = BaseDTO.h; sourceTree = "<group>"; };
		6C413FD41B96D2DE0016A276 /* BaseDTO.m */ = {isa = PBXFileReference; fileEncoding = 4; lastKnownFileType = sourcecode.c.objc; path = BaseDTO.m; sourceTree = "<group>"; };
		6C413FD61B96D2E80016A276 /* BaseService.h */ = {isa = PBXFileReference; fileEncoding = 4; lastKnownFileType = sourcecode.c.h; path = BaseService.h; sourceTree = "<group>"; };
		6C413FD71B96D2E80016A276 /* BaseService.m */ = {isa = PBXFileReference; fileEncoding = 4; lastKnownFileType = sourcecode.c.objc; path = BaseService.m; sourceTree = "<group>"; };
		6C413FD91B96D3010016A276 /* BaseViewController.h */ = {isa = PBXFileReference; fileEncoding = 4; lastKnownFileType = sourcecode.c.h; path = BaseViewController.h; sourceTree = "<group>"; };
		6C413FDA1B96D3010016A276 /* BaseViewController.m */ = {isa = PBXFileReference; fileEncoding = 4; lastKnownFileType = sourcecode.c.objc; path = BaseViewController.m; sourceTree = "<group>"; };
		6C413FDC1B96D3140016A276 /* BaseView.h */ = {isa = PBXFileReference; fileEncoding = 4; lastKnownFileType = sourcecode.c.h; path = BaseView.h; sourceTree = "<group>"; };
		6C413FDD1B96D3140016A276 /* BaseView.m */ = {isa = PBXFileReference; fileEncoding = 4; lastKnownFileType = sourcecode.c.objc; path = BaseView.m; sourceTree = "<group>"; };
		6CFA21861B95D0A100719E6A /* TempleteProject.app */ = {isa = PBXFileReference; explicitFileType = wrapper.application; includeInIndex = 0; path = TempleteProject.app; sourceTree = BUILT_PRODUCTS_DIR; };
		6CFA218A1B95D0A100719E6A /* Info.plist */ = {isa = PBXFileReference; lastKnownFileType = text.plist.xml; path = Info.plist; sourceTree = "<group>"; };
		6CFA218B1B95D0A100719E6A /* main.m */ = {isa = PBXFileReference; lastKnownFileType = sourcecode.c.objc; path = main.m; sourceTree = "<group>"; };
		6CFA218D1B95D0A100719E6A /* AppDelegate.h */ = {isa = PBXFileReference; lastKnownFileType = sourcecode.c.h; path = AppDelegate.h; sourceTree = "<group>"; };
		6CFA218E1B95D0A100719E6A /* AppDelegate.m */ = {isa = PBXFileReference; lastKnownFileType = sourcecode.c.objc; path = AppDelegate.m; sourceTree = "<group>"; };
		6CFA21901B95D0A100719E6A /* ViewController.h */ = {isa = PBXFileReference; lastKnownFileType = sourcecode.c.h; path = ViewController.h; sourceTree = "<group>"; };
		6CFA21911B95D0A100719E6A /* ViewController.m */ = {isa = PBXFileReference; lastKnownFileType = sourcecode.c.objc; path = ViewController.m; sourceTree = "<group>"; };
		6CFA21941B95D0A100719E6A /* Base */ = {isa = PBXFileReference; lastKnownFileType = file.storyboard; name = Base; path = Base.lproj/Main.storyboard; sourceTree = "<group>"; };
		6CFA21961B95D0A100719E6A /* Images.xcassets */ = {isa = PBXFileReference; lastKnownFileType = folder.assetcatalog; path = Images.xcassets; sourceTree = "<group>"; };
		6CFA21991B95D0A100719E6A /* Base */ = {isa = PBXFileReference; lastKnownFileType = file.xib; name = Base; path = Base.lproj/LaunchScreen.xib; sourceTree = "<group>"; };
		6CFA219F1B95D0A100719E6A /* TempleteProjectTests.xctest */ = {isa = PBXFileReference; explicitFileType = wrapper.cfbundle; includeInIndex = 0; path = TempleteProjectTests.xctest; sourceTree = BUILT_PRODUCTS_DIR; };
		6CFA21A41B95D0A100719E6A /* Info.plist */ = {isa = PBXFileReference; lastKnownFileType = text.plist.xml; path = Info.plist; sourceTree = "<group>"; };
		6CFA21A51B95D0A100719E6A /* TempleteProjectTests.m */ = {isa = PBXFileReference; lastKnownFileType = sourcecode.c.objc; path = TempleteProjectTests.m; sourceTree = "<group>"; };
/* End PBXFileReference section */

/* Begin PBXFrameworksBuildPhase section */
		6CFA21831B95D0A100719E6A /* Frameworks */ = {
			isa = PBXFrameworksBuildPhase;
			buildActionMask = 2147483647;
			files = (
			);
			runOnlyForDeploymentPostprocessing = 0;
		};
		6CFA219C1B95D0A100719E6A /* Frameworks */ = {
			isa = PBXFrameworksBuildPhase;
			buildActionMask = 2147483647;
			files = (
			);
			runOnlyForDeploymentPostprocessing = 0;
		};
/* End PBXFrameworksBuildPhase section */

/* Begin PBXGroup section */
		6C0B13F91B96C570006B91BC /* 3rd */ = {
			isa = PBXGroup;
			children = (
			);
			path = 3rd;
			sourceTree = "<group>";
		};
		6C0B13FA1B96C570006B91BC /* Common */ = {
			isa = PBXGroup;
			children = (
				6C413FCD1B96D2A50016A276 /* DomainConfig.h */,
			);
			path = Common;
			sourceTree = "<group>";
		};
		6C0B13FB1B96C570006B91BC /* DAO */ = {
			isa = PBXGroup;
			children = (
				6C413FD01B96D2D20016A276 /* BaseDAO.h */,
				6C413FD11B96D2D20016A276 /* BaseDAO.m */,
			);
			path = DAO;
			sourceTree = "<group>";
		};
		6C0B13FC1B96C570006B91BC /* DTO */ = {
			isa = PBXGroup;
			children = (
				6C413FD31B96D2DE0016A276 /* BaseDTO.h */,
				6C413FD41B96D2DE0016A276 /* BaseDTO.m */,
			);
			path = DTO;
			sourceTree = "<group>";
		};
		6C0B13FD1B96C570006B91BC /* Service */ = {
			isa = PBXGroup;
			children = (
				6C413FD61B96D2E80016A276 /* BaseService.h */,
				6C413FD71B96D2E80016A276 /* BaseService.m */,
			);
			path = Service;
			sourceTree = "<group>";
		};
		6C0B13FE1B96C570006B91BC /* ViewController */ = {
			isa = PBXGroup;
			children = (
				6C413FD91B96D3010016A276 /* BaseViewController.h */,
				6C413FDA1B96D3010016A276 /* BaseViewController.m */,
			);
			path = ViewController;
			sourceTree = "<group>";
		};
		6C0B13FF1B96C570006B91BC /* Views */ = {
			isa = PBXGroup;
			children = (
				6C413FDC1B96D3140016A276 /* BaseView.h */,
				6C413FDD1B96D3140016A276 /* BaseView.m */,
			);
			path = Views;
			sourceTree = "<group>";
		};
		6CFA217D1B95D0A100719E6A = {
			isa = PBXGroup;
			children = (
				6CFA21881B95D0A100719E6A /* TempleteProject */,
				6CFA21A21B95D0A100719E6A /* TempleteProjectTests */,
				6CFA21871B95D0A100719E6A /* Products */,
			);
			sourceTree = "<group>";
		};
		6CFA21871B95D0A100719E6A /* Products */ = {
			isa = PBXGroup;
			children = (
				6CFA21861B95D0A100719E6A /* TempleteProject.app */,
				6CFA219F1B95D0A100719E6A /* TempleteProjectTests.xctest */,
			);
			name = Products;
			sourceTree = "<group>";
		};
		6CFA21881B95D0A100719E6A /* TempleteProject */ = {
			isa = PBXGroup;
			children = (
				6C0B13F91B96C570006B91BC /* 3rd */,
				6C0B13FA1B96C570006B91BC /* Common */,
				6C0B13FB1B96C570006B91BC /* DAO */,
				6C0B13FC1B96C570006B91BC /* DTO */,
				6C0B13FD1B96C570006B91BC /* Service */,
				6C0B13FE1B96C570006B91BC /* ViewController */,
				6C0B13FF1B96C570006B91BC /* Views */,
				6CFA218D1B95D0A100719E6A /* AppDelegate.h */,
				6CFA218E1B95D0A100719E6A /* AppDelegate.m */,
				6CFA21901B95D0A100719E6A /* ViewController.h */,
				6CFA21911B95D0A100719E6A /* ViewController.m */,
				6CFA21931B95D0A100719E6A /* Main.storyboard */,
				6CFA21961B95D0A100719E6A /* Images.xcassets */,
				6CFA21981B95D0A100719E6A /* LaunchScreen.xib */,
				6CFA21891B95D0A100719E6A /* Supporting Files */,
			);
			path = TempleteProject;
			sourceTree = "<group>";
		};
		6CFA21891B95D0A100719E6A /* Supporting Files */ = {
			isa = PBXGroup;
			children = (
				6CFA218A1B95D0A100719E6A /* Info.plist */,
				6CFA218B1B95D0A100719E6A /* main.m */,
			);
			name = "Supporting Files";
			sourceTree = "<group>";
		};
		6CFA21A21B95D0A100719E6A /* TempleteProjectTests */ = {
			isa = PBXGroup;
			children = (
				6CFA21A51B95D0A100719E6A /* TempleteProjectTests.m */,
				6CFA21A31B95D0A100719E6A /* Supporting Files */,
			);
			path = TempleteProjectTests;
			sourceTree = "<group>";
		};
		6CFA21A31B95D0A100719E6A /* Supporting Files */ = {
			isa = PBXGroup;
			children = (
				6CFA21A41B95D0A100719E6A /* Info.plist */,
			);
			name = "Supporting Files";
			sourceTree = "<group>";
		};
/* End PBXGroup section */

/* Begin PBXNativeTarget section */
		6CFA21851B95D0A100719E6A /* TempleteProject */ = {
			isa = PBXNativeTarget;
			buildConfigurationList = 6CFA21A91B95D0A100719E6A /* Build configuration list for PBXNativeTarget "TempleteProject" */;
			buildPhases = (
				6CFA21821B95D0A100719E6A /* Sources */,
				6CFA21831B95D0A100719E6A /* Frameworks */,
				6CFA21841B95D0A100719E6A /* Resources */,
			);
			buildRules = (
			);
			dependencies = (
			);
			name = TempleteProject;
			productName = TempleteProject;
			productReference = 6CFA21861B95D0A100719E6A /* TempleteProject.app */;
			productType = "com.apple.product-type.application";
		};
		6CFA219E1B95D0A100719E6A /* TempleteProjectTests */ = {
			isa = PBXNativeTarget;
			buildConfigurationList = 6CFA21AC1B95D0A100719E6A /* Build configuration list for PBXNativeTarget "TempleteProjectTests" */;
			buildPhases = (
				6CFA219B1B95D0A100719E6A /* Sources */,
				6CFA219C1B95D0A100719E6A /* Frameworks */,
				6CFA219D1B95D0A100719E6A /* Resources */,
			);
			buildRules = (
			);
			dependencies = (
				6CFA21A11B95D0A100719E6A /* PBXTargetDependency */,
			);
			name = TempleteProjectTests;
			productName = TempleteProjectTests;
			productReference = 6CFA219F1B95D0A100719E6A /* TempleteProjectTests.xctest */;
			productType = "com.apple.product-type.bundle.unit-test";
		};
/* End PBXNativeTarget section */

/* Begin PBXProject section */
		6CFA217E1B95D0A100719E6A /* Project object */ = {
			isa = PBXProject;
			attributes = {
				LastUpgradeCheck = 0640;
				ORGANIZATIONNAME = "徐佳良";
				TargetAttributes = {
					6CFA21851B95D0A100719E6A = {
						CreatedOnToolsVersion = 6.4;
					};
					6CFA219E1B95D0A100719E6A = {
						CreatedOnToolsVersion = 6.4;
						TestTargetID = 6CFA21851B95D0A100719E6A;
					};
				};
			};
			buildConfigurationList = 6CFA21811B95D0A100719E6A /* Build configuration list for PBXProject "TempleteProject" */;
			compatibilityVersion = "Xcode 3.2";
			developmentRegion = English;
			hasScannedForEncodings = 0;
			knownRegions = (
				en,
				Base,
			);
			mainGroup = 6CFA217D1B95D0A100719E6A;
			productRefGroup = 6CFA21871B95D0A100719E6A /* Products */;
			projectDirPath = "";
			projectRoot = "";
			targets = (
				6CFA21851B95D0A100719E6A /* TempleteProject */,
				6CFA219E1B95D0A100719E6A /* TempleteProjectTests */,
			);
		};
/* End PBXProject section */

/* Begin PBXResourcesBuildPhase section */
		6CFA21841B95D0A100719E6A /* Resources */ = {
			isa = PBXResourcesBuildPhase;
			buildActionMask = 2147483647;
			files = (
				6CFA21951B95D0A100719E6A /* Main.storyboard in Resources */,
				6CFA219A1B95D0A100719E6A /* LaunchScreen.xib in Resources */,
				6CFA21971B95D0A100719E6A /* Images.xcassets in Resources */,
			);
			runOnlyForDeploymentPostprocessing = 0;
		};
		6CFA219D1B95D0A100719E6A /* Resources */ = {
			isa = PBXResourcesBuildPhase;
			buildActionMask = 2147483647;
			files = (
			);
			runOnlyForDeploymentPostprocessing = 0;
		};
/* End PBXResourcesBuildPhase section */

/* Begin PBXSourcesBuildPhase section */
		6CFA21821B95D0A100719E6A /* Sources */ = {
			isa = PBXSourcesBuildPhase;
			buildActionMask = 2147483647;
			files = (
				6C413FD51B96D2DE0016A276 /* BaseDTO.m in Sources */,
				6CFA21921B95D0A100719E6A /* ViewController.m in Sources */,
				6C413FD81B96D2E80016A276 /* BaseService.m in Sources */,
				6C413FDE1B96D3140016A276 /* BaseView.m in Sources */,
				6CFA218F1B95D0A100719E6A /* AppDelegate.m in Sources */,
				6CFA218C1B95D0A100719E6A /* main.m in Sources */,
				6C413FDB1B96D3010016A276 /* BaseViewController.m in Sources */,
				6C413FD21B96D2D20016A276 /* BaseDAO.m in Sources */,
			);
			runOnlyForDeploymentPostprocessing = 0;
		};
		6CFA219B1B95D0A100719E6A /* Sources */ = {
			isa = PBXSourcesBuildPhase;
			buildActionMask = 2147483647;
			files = (
				6CFA21A61B95D0A100719E6A /* TempleteProjectTests.m in Sources */,
			);
			runOnlyForDeploymentPostprocessing = 0;
		};
/* End PBXSourcesBuildPhase section */

/* Begin PBXTargetDependency section */
		6CFA21A11B95D0A100719E6A /* PBXTargetDependency */ = {
			isa = PBXTargetDependency;
			target = 6CFA21851B95D0A100719E6A /* TempleteProject */;
			targetProxy = 6CFA21A01B95D0A100719E6A /* PBXContainerItemProxy */;
		};
/* End PBXTargetDependency section */

/* Begin PBXVariantGroup section */
		6CFA21931B95D0A100719E6A /* Main.storyboard */ = {
			isa = PBXVariantGroup;
			children = (
				6CFA21941B95D0A100719E6A /* Base */,
			);
			name = Main.storyboard;
			sourceTree = "<group>";
		};
		6CFA21981B95D0A100719E6A /* LaunchScreen.xib */ = {
			isa = PBXVariantGroup;
			children = (
				6CFA21991B95D0A100719E6A /* Base */,
			);
			name = LaunchScreen.xib;
			sourceTree = "<group>";
		};
/* End PBXVariantGroup section */

/* Begin XCBuildConfiguration section */
		6CFA21A71B95D0A100719E6A /* Debug */ = {
			isa = XCBuildConfiguration;
			buildSettings = {
				ALWAYS_SEARCH_USER_PATHS = NO;
				CLANG_CXX_LANGUAGE_STANDARD = "gnu++0x";
				CLANG_CXX_LIBRARY = "libc++";
				CLANG_ENABLE_MODULES = YES;
				CLANG_ENABLE_OBJC_ARC = YES;
				CLANG_WARN_BOOL_CONVERSION = YES;
				CLANG_WARN_CONSTANT_CONVERSION = YES;
				CLANG_WARN_DIRECT_OBJC_ISA_USAGE = YES_ERROR;
				CLANG_WARN_EMPTY_BODY = YES;
				CLANG_WARN_ENUM_CONVERSION = YES;
				CLANG_WARN_INT_CONVERSION = YES;
				CLANG_WARN_OBJC_ROOT_CLASS = YES_ERROR;
				CLANG_WARN_UNREACHABLE_CODE = YES;
				CLANG_WARN__DUPLICATE_METHOD_MATCH = YES;
				"CODE_SIGN_IDENTITY[sdk=iphoneos*]" = "iPhone Developer";
				COPY_PHASE_STRIP = NO;
				DEBUG_INFORMATION_FORMAT = "dwarf-with-dsym";
				ENABLE_STRICT_OBJC_MSGSEND = YES;
				GCC_C_LANGUAGE_STANDARD = gnu99;
				GCC_DYNAMIC_NO_PIC = NO;
				GCC_NO_COMMON_BLOCKS = YES;
				GCC_OPTIMIZATION_LEVEL = 0;
				GCC_PREPROCESSOR_DEFINITIONS = (
					"DEBUG=1",
					"$(inherited)",
				);
				GCC_SYMBOLS_PRIVATE_EXTERN = NO;
				GCC_WARN_64_TO_32_BIT_CONVERSION = YES;
				GCC_WARN_ABOUT_RETURN_TYPE = YES_ERROR;
				GCC_WARN_UNDECLARED_SELECTOR = YES;
				GCC_WARN_UNINITIALIZED_AUTOS = YES_AGGRESSIVE;
				GCC_WARN_UNUSED_FUNCTION = YES;
				GCC_WARN_UNUSED_VARIABLE = YES;
				IPHONEOS_DEPLOYMENT_TARGET = 8.4;
				MTL_ENABLE_DEBUG_INFO = YES;
				ONLY_ACTIVE_ARCH = YES;
				SDKROOT = iphoneos;
				TARGETED_DEVICE_FAMILY = "1,2";
			};
			name = Debug;
		};
		6CFA21A81B95D0A100719E6A /* Release */ = {
			isa = XCBuildConfiguration;
			buildSettings = {
				ALWAYS_SEARCH_USER_PATHS = NO;
				CLANG_CXX_LANGUAGE_STANDARD = "gnu++0x";
				CLANG_CXX_LIBRARY = "libc++";
				CLANG_ENABLE_MODULES = YES;
				CLANG_ENABLE_OBJC_ARC = YES;
				CLANG_WARN_BOOL_CONVERSION = YES;
				CLANG_WARN_CONSTANT_CONVERSION = YES;
				CLANG_WARN_DIRECT_OBJC_ISA_USAGE = YES_ERROR;
				CLANG_WARN_EMPTY_BODY = YES;
				CLANG_WARN_ENUM_CONVERSION = YES;
				CLANG_WARN_INT_CONVERSION = YES;
				CLANG_WARN_OBJC_ROOT_CLASS = YES_ERROR;
				CLANG_WARN_UNREACHABLE_CODE = YES;
				CLANG_WARN__DUPLICATE_METHOD_MATCH = YES;
				"CODE_SIGN_IDENTITY[sdk=iphoneos*]" = "iPhone Developer";
				COPY_PHASE_STRIP = NO;
				DEBUG_INFORMATION_FORMAT = "dwarf-with-dsym";
				ENABLE_NS_ASSERTIONS = NO;
				ENABLE_STRICT_OBJC_MSGSEND = YES;
				GCC_C_LANGUAGE_STANDARD = gnu99;
				GCC_NO_COMMON_BLOCKS = YES;
				GCC_WARN_64_TO_32_BIT_CONVERSION = YES;
				GCC_WARN_ABOUT_RETURN_TYPE = YES_ERROR;
				GCC_WARN_UNDECLARED_SELECTOR = YES;
				GCC_WARN_UNINITIALIZED_AUTOS = YES_AGGRESSIVE;
				GCC_WARN_UNUSED_FUNCTION = YES;
				GCC_WARN_UNUSED_VARIABLE = YES;
				IPHONEOS_DEPLOYMENT_TARGET = 8.4;
				MTL_ENABLE_DEBUG_INFO = NO;
				SDKROOT = iphoneos;
				TARGETED_DEVICE_FAMILY = "1,2";
				VALIDATE_PRODUCT = YES;
			};
			name = Release;
		};
		6CFA21AA1B95D0A100719E6A /* Debug */ = {
			isa = XCBuildConfiguration;
			buildSettings = {
				ASSETCATALOG_COMPILER_APPICON_NAME = AppIcon;
				INFOPLIST_FILE = TempleteProject/Info.plist;
				LD_RUNPATH_SEARCH_PATHS = "$(inherited) @executable_path/Frameworks";
				PRODUCT_NAME = "$(TARGET_NAME)";
			};
			name = Debug;
		};
		6CFA21AB1B95D0A100719E6A /* Release */ = {
			isa = XCBuildConfiguration;
			buildSettings = {
				ASSETCATALOG_COMPILER_APPICON_NAME = AppIcon;
				INFOPLIST_FILE = TempleteProject/Info.plist;
				LD_RUNPATH_SEARCH_PATHS = "$(inherited) @executable_path/Frameworks";
				PRODUCT_NAME = "$(TARGET_NAME)";
			};
			name = Release;
		};
		6CFA21AD1B95D0A100719E6A /* Debug */ = {
			isa = XCBuildConfiguration;
			buildSettings = {
				BUNDLE_LOADER = "$(TEST_HOST)";
				FRAMEWORK_SEARCH_PATHS = (
					"$(SDKROOT)/Developer/Library/Frameworks",
					"$(inherited)",
				);
				GCC_PREPROCESSOR_DEFINITIONS = (
					"DEBUG=1",
					"$(inherited)",
				);
				INFOPLIST_FILE = TempleteProjectTests/Info.plist;
				LD_RUNPATH_SEARCH_PATHS = "$(inherited) @executable_path/Frameworks @loader_path/Frameworks";
				PRODUCT_NAME = "$(TARGET_NAME)";
				TEST_HOST = "$(BUILT_PRODUCTS_DIR)/TempleteProject.app/TempleteProject";
			};
			name = Debug;
		};
		6CFA21AE1B95D0A100719E6A /* Release */ = {
			isa = XCBuildConfiguration;
			buildSettings = {
				BUNDLE_LOADER = "$(TEST_HOST)";
				FRAMEWORK_SEARCH_PATHS = (
					"$(SDKROOT)/Developer/Library/Frameworks",
					"$(inherited)",
				);
				INFOPLIST_FILE = TempleteProjectTests/Info.plist;
				LD_RUNPATH_SEARCH_PATHS = "$(inherited) @executable_path/Frameworks @loader_path/Frameworks";
				PRODUCT_NAME = "$(TARGET_NAME)";
				TEST_HOST = "$(BUILT_PRODUCTS_DIR)/TempleteProject.app/TempleteProject";
			};
			name = Release;
		};
/* End XCBuildConfiguration section */

/* Begin XCConfigurationList section */
		6CFA21811B95D0A100719E6A /* Build configuration list for PBXProject "TempleteProject" */ = {
			isa = XCConfigurationList;
			buildConfigurations = (
				6CFA21A71B95D0A100719E6A /* Debug */,
				6CFA21A81B95D0A100719E6A /* Release */,
			);
			defaultConfigurationIsVisible = 0;
			defaultConfigurationName = Release;
		};
		6CFA21A91B95D0A100719E6A /* Build configuration list for PBXNativeTarget "TempleteProject" */ = {
			isa = XCConfigurationList;
			buildConfigurations = (
				6CFA21AA1B95D0A100719E6A /* Debug */,
				6CFA21AB1B95D0A100719E6A /* Release */,
			);
			defaultConfigurationIsVisible = 0;
			defaultConfigurationName = Release;
		};
		6CFA21AC1B95D0A100719E6A /* Build configuration list for PBXNativeTarget "TempleteProjectTests" */ = {
			isa = XCConfigurationList;
			buildConfigurations = (
				6CFA21AD1B95D0A100719E6A /* Debug */,
				6CFA21AE1B95D0A100719E6A /* Release */,
			);
			defaultConfigurationIsVisible = 0;
			defaultConfigurationName = Release;
		};
/* End XCConfigurationList section */
	};
	rootObject = 6CFA217E1B95D0A100719E6A /* Project object */;
}
